# THIS IS AN AUTOGENERATED FILE. DO NOT EDIT THIS FILE DIRECTLY.
# yarn lockfile v1


"@ant-design/colors@^6.0.0":
  version "6.0.0"
  resolved "https://registry.npm.taobao.org/@ant-design/colors/download/@ant-design/colors-6.0.0.tgz#9b9366257cffcc47db42b9d0203bb592c13c0298"
  integrity sha1-m5NmJXz/zEfbQrnQIDu1ksE8Apg=
  dependencies:
    "@ctrl/tinycolor" "^3.4.0"

"@ant-design/icons-svg@^4.2.1":
  version "4.2.1"
  resolved "https://registry.npmmirror.com/@ant-design/icons-svg/download/@ant-design/icons-svg-4.2.1.tgz#8630da8eb4471a4aabdaed7d1ff6a97dcb2cf05a"
  integrity sha1-hjDajrRHGkqr2u19H/apfcss8Fo=

"@ant-design/icons@^4.6.3":
  version "4.7.0"
  resolved "https://registry.npmmirror.com/@ant-design/icons/download/@ant-design/icons-4.7.0.tgz?cache=0&sync_timestamp=1632478732118&other_urls=https%3A%2F%2Fregistry.npmmirror.com%2F%40ant-design%2Ficons%2Fdownload%2F%40ant-design%2Ficons-4.7.0.tgz#8c3cbe0a556ba92af5dc7d1e70c0b25b5179af0f"
  integrity sha1-jDy+ClVrqSr13H0ecMCyW1F5rw8=
  dependencies:
    "@ant-design/colors" "^6.0.0"
    "@ant-design/icons-svg" "^4.2.1"
    "@babel/runtime" "^7.11.2"
    classnames "^2.2.6"
    rc-util "^5.9.4"

"@ant-design/react-slick@~0.28.1":
  version "0.28.4"
  resolved "https://registry.nlark.com/@ant-design/react-slick/download/@ant-design/react-slick-0.28.4.tgz#8b296b87ad7c7ae877f2a527b81b7eebd9dd29a9"
  integrity sha1-iylrh618euh38qUnuBt+69ndKak=
  dependencies:
    "@babel/runtime" "^7.10.4"
    classnames "^2.2.5"
    json2mq "^0.2.0"
    lodash "^4.17.21"
    resize-observer-polyfill "^1.5.0"

"@babel/runtime@^7.10.1", "@babel/runtime@^7.10.2", "@babel/runtime@^7.10.4", "@babel/runtime@^7.11.1", "@babel/runtime@^7.11.2", "@babel/runtime@^7.12.5", "@babel/runtime@^7.8.4":
  version "7.15.4"
  resolved "https://registry.nlark.com/@babel/runtime/download/@babel/runtime-7.15.4.tgz#fd17d16bfdf878e6dd02d19753a39fa8a8d9c84a"
  integrity sha1-/RfRa/34eObdAtGXU6OfqKjZyEo=
  dependencies:
    regenerator-runtime "^0.13.4"

"@ctrl/tinycolor@^3.4.0":
  version "3.4.0"
  resolved "https://registry.npm.taobao.org/@ctrl/tinycolor/download/@ctrl/tinycolor-3.4.0.tgz#c3c5ae543c897caa9c2a68630bed355be5f9990f"
  integrity sha1-w8WuVDyJfKqcKmhjC+01W+X5mQ8=

antd@^4.16.13:
  version "4.16.13"
  resolved "https://registry.npmmirror.com/antd/download/antd-4.16.13.tgz#e9b9b4a590db28747aae1cab98981649a35880af"
  integrity sha1-6bm0pZDbKHR6rhyrmJgWSaNYgK8=
  dependencies:
    "@ant-design/colors" "^6.0.0"
    "@ant-design/icons" "^4.6.3"
    "@ant-design/react-slick" "~0.28.1"
    "@babel/runtime" "^7.12.5"
    array-tree-filter "^2.1.0"
    classnames "^2.2.6"
    copy-to-clipboard "^3.2.0"
    lodash "^4.17.21"
    moment "^2.25.3"
    rc-cascader "~1.4.0"
    rc-checkbox "~2.3.0"
    rc-collapse "~3.1.0"
    rc-dialog "~8.6.0"
    rc-drawer "~4.3.0"
    rc-dropdown "~3.2.0"
    rc-field-form "~1.20.0"
    rc-image "~5.2.5"
    rc-input-number "~7.1.0"
    rc-mentions "~1.6.1"
    rc-menu "~9.0.12"
    rc-motion "^2.4.0"
    rc-notification "~4.5.7"
    rc-pagination "~3.1.9"
    rc-picker "~2.5.10"
    rc-progress "~3.1.0"
    rc-rate "~2.9.0"
    rc-resize-observer "^1.0.0"
    rc-select "~12.1.6"
    rc-slider "~9.7.1"
    rc-steps "~4.1.0"
    rc-switch "~3.2.0"
    rc-table "~7.15.1"
    rc-tabs "~11.10.0"
    rc-textarea "~0.3.0"
    rc-tooltip "~5.1.1"
    rc-tree "~4.2.1"
    rc-tree-select "~4.3.0"
    rc-trigger "^5.2.10"
    rc-upload "~4.3.0"
    rc-util "^5.13.1"
    scroll-into-view-if-needed "^2.2.25"

array-tree-filter@^2.1.0:
  version "2.1.0"
  resolved "https://registry.npm.taobao.org/array-tree-filter/download/array-tree-filter-2.1.0.tgz#873ac00fec83749f255ac8dd083814b4f6329190"
  integrity sha1-hzrAD+yDdJ8lWsjdCDgUtPYykZA=

async-validator@^3.0.3:
  version "3.5.2"
  resolved "https://registry.nlark.com/async-validator/download/async-validator-3.5.2.tgz?cache=0&other_urls=https%3A%2F%2Fregistry.nlark.com%2Fasync-validator%2Fdownload%2Fasync-validator-3.5.2.tgz#68e866a96824e8b2694ff7a831c1a25c44d5e500"
  integrity sha1-aOhmqWgk6LJpT/eoMcGiXETV5QA=

classnames@2.x, classnames@^2.2.1, classnames@^2.2.3, classnames@^2.2.5, classnames@^2.2.6:
  version "2.3.1"
  resolved "https://registry.nlark.com/classnames/download/classnames-2.3.1.tgz?cache=0&sync_timestamp=1618846851562&other_urls=https%3A%2F%2Fregistry.nlark.com%2Fclassnames%2Fdownload%2Fclassnames-2.3.1.tgz#dfcfa3891e306ec1dad105d0e88f4417b8535e8e"
  integrity sha1-38+jiR4wbsHa0QXQ6I9EF7hTXo4=

compute-scroll-into-view@^1.0.17:
  version "1.0.17"
  resolved "https://registry.nlark.com/compute-scroll-into-view/download/compute-scroll-into-view-1.0.17.tgz#6a88f18acd9d42e9cf4baa6bec7e0522607ab7ab"
  integrity sha1-aojxis2dQunPS6pr7H4FImB6t6s=

copy-to-clipboard@^3.2.0:
  version "3.3.1"
  resolved "https://registry.nlark.com/copy-to-clipboard/download/copy-to-clipboard-3.3.1.tgz#115aa1a9998ffab6196f93076ad6da3b913662ae"
  integrity sha1-EVqhqZmP+rYZb5MHatbaO5E2Yq4=
  dependencies:
    toggle-selection "^1.0.6"

date-fns@2.x:
  version "2.25.0"
  resolved "https://registry.npmmirror.com/date-fns/download/date-fns-2.25.0.tgz?cache=0&sync_timestamp=1633422169456&other_urls=https%3A%2F%2Fregistry.npmmirror.com%2Fdate-fns%2Fdownload%2Fdate-fns-2.25.0.tgz#8c5c8f1d958be3809a9a03f4b742eba894fc5680"
  integrity sha1-jFyPHZWL44CamgP0t0LrqJT8VoA=

dayjs@1.x:
  version "1.10.7"
  resolved "https://registry.nlark.com/dayjs/download/dayjs-1.10.7.tgz?cache=0&sync_timestamp=1631266651008&other_urls=https%3A%2F%2Fregistry.nlark.com%2Fdayjs%2Fdownload%2Fdayjs-1.10.7.tgz#2cf5f91add28116748440866a0a1d26f3a6ce468"
  integrity sha1-LPX5Gt0oEWdIRAhmoKHSbzps5Gg=

dom-align@^1.7.0:
  version "1.12.2"
  resolved "https://registry.nlark.com/dom-align/download/dom-align-1.12.2.tgz?cache=0&sync_timestamp=1621853230649&other_urls=https%3A%2F%2Fregistry.nlark.com%2Fdom-align%2Fdownload%2Fdom-align-1.12.2.tgz#0f8164ebd0c9c21b0c790310493cd855892acd4b"
  integrity sha1-D4Fk69DJwhsMeQMQSTzYVYkqzUs=

"js-tokens@^3.0.0 || ^4.0.0":
  version "4.0.0"
  resolved "https://registry.nlark.com/js-tokens/download/js-tokens-4.0.0.tgz#19203fb59991df98e3a287050d4647cdeaf32499"
  integrity sha1-GSA/tZmR35jjoocFDUZHzerzJJk=

json2mq@^0.2.0:
  version "0.2.0"
  resolved "https://registry.npm.taobao.org/json2mq/download/json2mq-0.2.0.tgz#b637bd3ba9eabe122c83e9720483aeb10d2c904a"
  integrity sha1-tje9O6nqvhIsg+lyBIOusQ0skEo=
  dependencies:
    string-convert "^0.2.0"

lodash@^4.17.21:
  version "4.17.21"
  resolved "https://registry.nlark.com/lodash/download/lodash-4.17.21.tgz#679591c564c3bffaae8454cf0b3df370c3d6911c"
  integrity sha1-Z5WRxWTDv/quhFTPCz3zcMPWkRw=

loose-envify@^1.0.0:
  version "1.4.0"
  resolved "https://registry.npm.taobao.org/loose-envify/download/loose-envify-1.4.0.tgz#71ee51fa7be4caec1a63839f7e682d8132d30caf"
  integrity sha1-ce5R+nvkyuwaY4OffmgtgTLTDK8=
  dependencies:
    js-tokens "^3.0.0 || ^4.0.0"

moment@^2.24.0, moment@^2.25.3:
  version "2.29.1"
  resolved "https://registry.nlark.com/moment/download/moment-2.29.1.tgz#b2be769fa31940be9eeea6469c075e35006fa3d3"
  integrity sha1-sr52n6MZQL6e7qZGnAdeNQBvo9M=

rc-align@^4.0.0:
  version "4.0.11"
  resolved "https://registry.nlark.com/rc-align/download/rc-align-4.0.11.tgz?cache=0&sync_timestamp=1628678366435&other_urls=https%3A%2F%2Fregistry.nlark.com%2Frc-align%2Fdownload%2Frc-align-4.0.11.tgz#8198c62db266bc1b8ef05e56c13275bf72628a5e"
  integrity sha1-gZjGLbJmvBuO8F5WwTJ1v3Jiil4=
  dependencies:
    "@babel/runtime" "^7.10.1"
    classnames "2.x"
    dom-align "^1.7.0"
    lodash "^4.17.21"
    rc-util "^5.3.0"
    resize-observer-polyfill "^1.5.1"

rc-cascader@~1.4.0:
  version "1.4.3"
  resolved "https://registry.npmmirror.com/rc-cascader/download/rc-cascader-1.4.3.tgz#d91b0dcf8157b60ebe9ec3e58b4db054d5299464"
  integrity sha1-2RsNz4FXtg6+nsPli02wVNUplGQ=
  dependencies:
    "@babel/runtime" "^7.12.5"
    array-tree-filter "^2.1.0"
    rc-trigger "^5.0.4"
    rc-util "^5.0.1"
    warning "^4.0.1"

rc-checkbox@~2.3.0:
  version "2.3.2"
  resolved "https://registry.npm.taobao.org/rc-checkbox/download/rc-checkbox-2.3.2.tgz#f91b3678c7edb2baa8121c9483c664fa6f0aefc1"
  integrity sha1-+Rs2eMftsrqoEhyUg8Zk+m8K78E=
  dependencies:
    "@babel/runtime" "^7.10.1"
    classnames "^2.2.1"

rc-collapse@~3.1.0:
  version "3.1.2"
  resolved "https://registry.nlark.com/rc-collapse/download/rc-collapse-3.1.2.tgz?cache=0&sync_timestamp=1630558320206&other_urls=https%3A%2F%2Fregistry.nlark.com%2Frc-collapse%2Fdownload%2Frc-collapse-3.1.2.tgz#76028a811b845d03d9460ccc409c7ea8ad09db14"
  integrity sha1-dgKKgRuEXQPZRgzMQJx+qK0J2xQ=
  dependencies:
    "@babel/runtime" "^7.10.1"
    classnames "2.x"
    rc-motion "^2.3.4"
    rc-util "^5.2.1"
    shallowequal "^1.1.0"

rc-dialog@~8.6.0:
  version "8.6.0"
  resolved "https://registry.nlark.com/rc-dialog/download/rc-dialog-8.6.0.tgz#3b228dac085de5eed8c6237f31162104687442e7"
  integrity sha1-OyKNrAhd5e7YxiN/MRYhBGh0Quc=
  dependencies:
    "@babel/runtime" "^7.10.1"
    classnames "^2.2.6"
    rc-motion "^2.3.0"
    rc-util "^5.6.1"

rc-drawer@~4.3.0:
  version "4.3.1"
  resolved "https://registry.nlark.com/rc-drawer/download/rc-drawer-4.3.1.tgz?cache=0&other_urls=https%3A%2F%2Fregistry.nlark.com%2Frc-drawer%2Fdownload%2Frc-drawer-4.3.1.tgz#356333a7af01b777abd685c96c2ce62efb44f3f3"
  integrity sha1-NWMzp68Bt3er1oXJbCzmLvtE8/M=
  dependencies:
    "@babel/runtime" "^7.10.1"
    classnames "^2.2.6"
    rc-util "^5.7.0"

rc-dropdown@^3.2.0, rc-dropdown@~3.2.0:
  version "3.2.0"
  resolved "https://registry.npm.taobao.org/rc-dropdown/download/rc-dropdown-3.2.0.tgz#da6c2ada403842baee3a9e909a0b1a91ba3e1090"
  integrity sha1-2mwq2kA4QrruOp6Qmgsakbo+EJA=
  dependencies:
    "@babel/runtime" "^7.10.1"
    classnames "^2.2.6"
    rc-trigger "^5.0.4"

rc-field-form@~1.20.0:
  version "1.20.1"
  resolved "https://registry.nlark.com/rc-field-form/download/rc-field-form-1.20.1.tgz?cache=0&sync_timestamp=1629270087152&other_urls=https%3A%2F%2Fregistry.nlark.com%2Frc-field-form%2Fdownload%2Frc-field-form-1.20.1.tgz#d1c51888107cf075b42704b7b575bef84c359291"
  integrity sha1-0cUYiBB88HW0JwS3tXW++Ew1kpE=
  dependencies:
    "@babel/runtime" "^7.8.4"
    async-validator "^3.0.3"
    rc-util "^5.8.0"

rc-image@~5.2.5:
  version "5.2.5"
  resolved "https://registry.nlark.com/rc-image/download/rc-image-5.2.5.tgz#44e6ffc842626827960e7ab72e1c0d6f3a8ce440"
  integrity sha1-ROb/yEJiaCeWDnq3LhwNbzqM5EA=
  dependencies:
    "@babel/runtime" "^7.11.2"
    classnames "^2.2.6"
    rc-dialog "~8.6.0"
    rc-util "^5.0.6"

rc-input-number@~7.1.0:
  version "7.1.4"
  resolved "https://registry.npmmirror.com/rc-input-number/download/rc-input-number-7.1.4.tgz#9d7410c91ff8dc6384d0233c20df278982989f9a"
  integrity sha1-nXQQyR/43GOE0CM8IN8niYKYn5o=
  dependencies:
    "@babel/runtime" "^7.10.1"
    classnames "^2.2.5"
    rc-util "^5.9.8"

rc-mentions@~1.6.1:
  version "1.6.1"
  resolved "https://registry.nlark.com/rc-mentions/download/rc-mentions-1.6.1.tgz#46035027d64aa33ef840ba0fbd411871e34617ae"
  integrity sha1-RgNQJ9ZKoz74QLoPvUEYceNGF64=
  dependencies:
    "@babel/runtime" "^7.10.1"
    classnames "^2.2.6"
    rc-menu "^9.0.0"
    rc-textarea "^0.3.0"
    rc-trigger "^5.0.4"
    rc-util "^5.0.1"

rc-menu@^9.0.0, rc-menu@~9.0.12:
  version "9.0.14"
  resolved "https://registry.npmmirror.com/rc-menu/download/rc-menu-9.0.14.tgz?cache=0&sync_timestamp=1634109640394&other_urls=https%3A%2F%2Fregistry.npmmirror.com%2Frc-menu%2Fdownload%2Frc-menu-9.0.14.tgz#289bda4a2f6c5ebb3248e2e305d52cf0c73cb9d5"
  integrity sha1-KJvaSi9sXrsySOLjBdUs8Mc8udU=
  dependencies:
    "@babel/runtime" "^7.10.1"
    classnames "2.x"
    rc-motion "^2.4.3"
    rc-overflow "^1.2.0"
    rc-trigger "^5.1.2"
    rc-util "^5.12.0"
    shallowequal "^1.1.0"

rc-motion@^2.0.0, rc-motion@^2.0.1, rc-motion@^2.2.0, rc-motion@^2.3.0, rc-motion@^2.3.4, rc-motion@^2.4.0, rc-motion@^2.4.3:
  version "2.4.4"
  resolved "https://registry.nlark.com/rc-motion/download/rc-motion-2.4.4.tgz#e995d5fa24fc93065c24f714857cf2677d655bb0"
  integrity sha1-6ZXV+iT8kwZcJPcUhXzyZ31lW7A=
  dependencies:
    "@babel/runtime" "^7.11.1"
    classnames "^2.2.1"
    rc-util "^5.2.1"

rc-notification@~4.5.7:
  version "4.5.7"
  resolved "https://registry.nlark.com/rc-notification/download/rc-notification-4.5.7.tgz#265e6e6a0c1a0fac63d6abd4d832eb8ff31522f1"
  integrity sha1-Jl5uagwaD6xj1qvU2DLrj/MVIvE=
  dependencies:
    "@babel/runtime" "^7.10.1"
    classnames "2.x"
    rc-motion "^2.2.0"
    rc-util "^5.0.1"

rc-overflow@^1.0.0, rc-overflow@^1.2.0:
  version "1.2.2"
  resolved "https://registry.nlark.com/rc-overflow/download/rc-overflow-1.2.2.tgz#95b0222016c0cdbdc0db85f569c262e7706a5f22"
  integrity sha1-lbAiIBbAzb3A24X1acJi53BqXyI=
  dependencies:
    "@babel/runtime" "^7.11.1"
    classnames "^2.2.1"
    rc-resize-observer "^1.0.0"
    rc-util "^5.5.1"

rc-pagination@~3.1.9:
  version "3.1.9"
  resolved "https://registry.nlark.com/rc-pagination/download/rc-pagination-3.1.9.tgz?cache=0&sync_timestamp=1628422722389&other_urls=https%3A%2F%2Fregistry.nlark.com%2Frc-pagination%2Fdownload%2Frc-pagination-3.1.9.tgz#797ad75d85b1ef7a82801207ead410110337fdd6"
  integrity sha1-eXrXXYWx73qCgBIH6tQQEQM3/dY=
  dependencies:
    "@babel/runtime" "^7.10.1"
    classnames "^2.2.1"

rc-picker@~2.5.10:
  version "2.5.19"
  resolved "https://registry.npmmirror.com/rc-picker/download/rc-picker-2.5.19.tgz?cache=0&sync_timestamp=1633750131247&other_urls=https%3A%2F%2Fregistry.npmmirror.com%2Frc-picker%2Fdownload%2Frc-picker-2.5.19.tgz#73d07546fac3992f0bfabf2789654acada39e46f"
  integrity sha1-c9B1RvrDmS8L+r8niWVKyto55G8=
  dependencies:
    "@babel/runtime" "^7.10.1"
    classnames "^2.2.1"
    date-fns "2.x"
    dayjs "1.x"
    moment "^2.24.0"
    rc-trigger "^5.0.4"
    rc-util "^5.4.0"
    shallowequal "^1.1.0"

rc-progress@~3.1.0:
  version "3.1.4"
  resolved "https://registry.nlark.com/rc-progress/download/rc-progress-3.1.4.tgz?cache=0&sync_timestamp=1621252246318&other_urls=https%3A%2F%2Fregistry.nlark.com%2Frc-progress%2Fdownload%2Frc-progress-3.1.4.tgz#66040d0fae7d8ced2b38588378eccb2864bad615"
  integrity sha1-ZgQND659jO0rOFiDeOzLKGS61hU=
  dependencies:
    "@babel/runtime" "^7.10.1"
    classnames "^2.2.6"

rc-rate@~2.9.0:
  version "2.9.1"
  resolved "https://registry.npm.taobao.org/rc-rate/download/rc-rate-2.9.1.tgz#e43cb95c4eb90a2c1e0b16ec6614d8c43530a731"
  integrity sha1-5Dy5XE65CiweCxbsZhTYxDUwpzE=
  dependencies:
    "@babel/runtime" "^7.10.1"
    classnames "^2.2.5"
    rc-util "^5.0.1"

rc-resize-observer@^1.0.0:
  version "1.0.1"
  resolved "https://registry.nlark.com/rc-resize-observer/download/rc-resize-observer-1.0.1.tgz#ccd0986543ff1bf49f8a581e8ac4bb714ed24dcd"
  integrity sha1-zNCYZUP/G/SfilgeisS7cU7STc0=
  dependencies:
    "@babel/runtime" "^7.10.1"
    classnames "^2.2.1"
    rc-util "^5.0.0"
    resize-observer-polyfill "^1.5.1"

rc-select@^12.0.0, rc-select@~12.1.6:
  version "12.1.13"
  resolved "https://registry.nlark.com/rc-select/download/rc-select-12.1.13.tgz#c33560ccb9339d30695b52458f55efc35af35273"
  integrity sha1-wzVgzLkznTBpW1JFj1Xvw1rzUnM=
  dependencies:
    "@babel/runtime" "^7.10.1"
    classnames "2.x"
    rc-motion "^2.0.1"
    rc-overflow "^1.0.0"
    rc-trigger "^5.0.4"
    rc-util "^5.9.8"
    rc-virtual-list "^3.2.0"

rc-slider@~9.7.1:
  version "9.7.4"
  resolved "https://registry.npmmirror.com/rc-slider/download/rc-slider-9.7.4.tgz#430c860723bf6445ebf53517b550417a2f25eed1"
  integrity sha1-QwyGByO/ZEXr9TUXtVBBei8l7tE=
  dependencies:
    "@babel/runtime" "^7.10.1"
    classnames "^2.2.5"
    rc-tooltip "^5.0.1"
    rc-util "^5.0.0"
    shallowequal "^1.1.0"

rc-steps@~4.1.0:
  version "4.1.4"
  resolved "https://registry.npmmirror.com/rc-steps/download/rc-steps-4.1.4.tgz#0ba82db202d59ca52d0693dc9880dd145b19dc23"
  integrity sha1-C6gtsgLVnKUtBpPcmIDdFFsZ3CM=
  dependencies:
    "@babel/runtime" "^7.10.2"
    classnames "^2.2.3"
    rc-util "^5.0.1"

rc-switch@~3.2.0:
  version "3.2.2"
  resolved "https://registry.npm.taobao.org/rc-switch/download/rc-switch-3.2.2.tgz#d001f77f12664d52595b4f6fb425dd9e66fba8e8"
  integrity sha1-0AH3fxJmTVJZW09vtCXdnmb7qOg=
  dependencies:
    "@babel/runtime" "^7.10.1"
    classnames "^2.2.1"
    rc-util "^5.0.1"

rc-table@~7.15.1:
  version "7.15.2"
  resolved "https://registry.nlark.com/rc-table/download/rc-table-7.15.2.tgz?cache=0&sync_timestamp=1631689208166&other_urls=https%3A%2F%2Fregistry.nlark.com%2Frc-table%2Fdownload%2Frc-table-7.15.2.tgz#f6ab73b2cfb1c76f3cf9682c855561423c6b5b22"
  integrity sha1-9qtzss+xx288+WgshVVhQjxrWyI=
  dependencies:
    "@babel/runtime" "^7.10.1"
    classnames "^2.2.5"
    rc-resize-observer "^1.0.0"
    rc-util "^5.13.0"
    shallowequal "^1.1.0"

rc-tabs@~11.10.0:
  version "11.10.1"
  resolved "https://registry.nlark.com/rc-tabs/download/rc-tabs-11.10.1.tgz#7b112f78bac998480c777ae160adc425e3fdb7cb"
  integrity sha1-exEveLrJmEgMd3rhYK3EJeP9t8s=
  dependencies:
    "@babel/runtime" "^7.11.2"
    classnames "2.x"
    rc-dropdown "^3.2.0"
    rc-menu "^9.0.0"
    rc-resize-observer "^1.0.0"
    rc-util "^5.5.0"

rc-textarea@^0.3.0, rc-textarea@~0.3.0:
  version "0.3.5"
  resolved "https://registry.nlark.com/rc-textarea/download/rc-textarea-0.3.5.tgz#07ed445dddb94e5ae6764676923a49bddad9b2ec"
  integrity sha1-B+1EXd25TlrmdkZ2kjpJvdrZsuw=
  dependencies:
    "@babel/runtime" "^7.10.1"
    classnames "^2.2.1"
    rc-resize-observer "^1.0.0"
    rc-util "^5.7.0"

rc-tooltip@^5.0.1, rc-tooltip@~5.1.1:
  version "5.1.1"
  resolved "https://registry.nlark.com/rc-tooltip/download/rc-tooltip-5.1.1.tgz?cache=0&sync_timestamp=1620377750151&other_urls=https%3A%2F%2Fregistry.nlark.com%2Frc-tooltip%2Fdownload%2Frc-tooltip-5.1.1.tgz#94178ed162d0252bc4993b725f5dc2ac0fccf154"
  integrity sha1-lBeO0WLQJSvEmTtyX13CrA/M8VQ=
  dependencies:
    "@babel/runtime" "^7.11.2"
    rc-trigger "^5.0.0"

rc-tree-select@~4.3.0:
  version "4.3.3"
  resolved "https://registry.npmmirror.com/rc-tree-select/download/rc-tree-select-4.3.3.tgz?cache=0&sync_timestamp=1632811839927&other_urls=https%3A%2F%2Fregistry.npmmirror.com%2Frc-tree-select%2Fdownload%2Frc-tree-select-4.3.3.tgz#28eba4d8a8dc8c0f9b61d83ce465842a6915eca4"
  integrity sha1-KOuk2KjcjA+bYdg85GWEKmkV7KQ=
  dependencies:
    "@babel/runtime" "^7.10.1"
    classnames "2.x"
    rc-select "^12.0.0"
    rc-tree "^4.0.0"
    rc-util "^5.0.5"

rc-tree@^4.0.0, rc-tree@~4.2.1:
  version "4.2.2"
  resolved "https://registry.npmmirror.com/rc-tree/download/rc-tree-4.2.2.tgz?cache=0&sync_timestamp=1632886441514&other_urls=https%3A%2F%2Fregistry.npmmirror.com%2Frc-tree%2Fdownload%2Frc-tree-4.2.2.tgz#4429187cbbfbecbe989714a607e3de8b3ab7763f"
  integrity sha1-RCkYfLv77L6YlxSmB+Peizq3dj8=
  dependencies:
    "@babel/runtime" "^7.10.1"
    classnames "2.x"
    rc-motion "^2.0.1"
    rc-util "^5.0.0"
    rc-virtual-list "^3.0.1"

rc-trigger@^5.0.0, rc-trigger@^5.0.4, rc-trigger@^5.1.2, rc-trigger@^5.2.10:
  version "5.2.10"
  resolved "https://registry.nlark.com/rc-trigger/download/rc-trigger-5.2.10.tgz#8a0057a940b1b9027eaa33beec8a6ecd85cce2b1"
  integrity sha1-igBXqUCxuQJ+qjO+7IpuzYXM4rE=
  dependencies:
    "@babel/runtime" "^7.11.2"
    classnames "^2.2.6"
    rc-align "^4.0.0"
    rc-motion "^2.0.0"
    rc-util "^5.5.0"

rc-upload@~4.3.0:
  version "4.3.1"
  resolved "https://registry.nlark.com/rc-upload/download/rc-upload-4.3.1.tgz?cache=0&sync_timestamp=1623401252693&other_urls=https%3A%2F%2Fregistry.nlark.com%2Frc-upload%2Fdownload%2Frc-upload-4.3.1.tgz#d6ee66b8bd1e1dd2f78526c486538423f7e7ed84"
  integrity sha1-1u5muL0eHdL3hSbEhlOEI/fn7YQ=
  dependencies:
    "@babel/runtime" "^7.10.1"
    classnames "^2.2.5"
    rc-util "^5.2.0"

rc-util@^5.0.0, rc-util@^5.0.1, rc-util@^5.0.5, rc-util@^5.0.6, rc-util@^5.0.7, rc-util@^5.12.0, rc-util@^5.13.0, rc-util@^5.13.1, rc-util@^5.2.0, rc-util@^5.2.1, rc-util@^5.3.0, rc-util@^5.4.0, rc-util@^5.5.0, rc-util@^5.5.1, rc-util@^5.6.1, rc-util@^5.7.0, rc-util@^5.8.0, rc-util@^5.9.4, rc-util@^5.9.8:
  version "5.14.0"
  resolved "https://registry.nlark.com/rc-util/download/rc-util-5.14.0.tgz#52c650e27570c2c47f7936c7d32eaec5212492a8"
  integrity sha1-UsZQ4nVwwsR/eTbH0y6uxSEkkqg=
  dependencies:
    "@babel/runtime" "^7.12.5"
    react-is "^16.12.0"
    shallowequal "^1.1.0"

rc-virtual-list@^3.0.1, rc-virtual-list@^3.2.0:
  version "3.4.1"
  resolved "https://registry.nlark.com/rc-virtual-list/download/rc-virtual-list-3.4.1.tgz?cache=0&sync_timestamp=1630654561858&other_urls=https%3A%2F%2Fregistry.nlark.com%2Frc-virtual-list%2Fdownload%2Frc-virtual-list-3.4.1.tgz#1f3b41391acf033a6c7e84c2f4e8a4ee0dc72807"
  integrity sha1-HztBORrPAzpsfoTC9Oik7g3HKAc=
  dependencies:
    classnames "^2.2.6"
    rc-resize-observer "^1.0.0"
    rc-util "^5.0.7"

react-is@^16.12.0:
  version "16.13.1"
  resolved "https://registry.npmmirror.com/react-is/download/react-is-16.13.1.tgz?cache=0&sync_timestamp=1634141962905&other_urls=https%3A%2F%2Fregistry.npmmirror.com%2Freact-is%2Fdownload%2Freact-is-16.13.1.tgz#789729a4dc36de2999dc156dd6c1d9c18cea56a4"
  integrity sha1-eJcppNw23imZ3BVt1sHZwYzqVqQ=

regenerator-runtime@^0.13.4:
  version "0.13.9"
  resolved "https://registry.nlark.com/regenerator-runtime/download/regenerator-runtime-0.13.9.tgz#8925742a98ffd90814988d7566ad30ca3b263b52"
  integrity sha1-iSV0Kpj/2QgUmI11Zq0wyjsmO1I=

resize-observer-polyfill@^1.5.0, resize-observer-polyfill@^1.5.1:
  version "1.5.1"
  resolved "https://registry.npm.taobao.org/resize-observer-polyfill/download/resize-observer-polyfill-1.5.1.tgz#0e9020dd3d21024458d4ebd27e23e40269810464"
  integrity sha1-DpAg3T0hAkRY1OvSfiPkAmmBBGQ=

scroll-into-view-if-needed@^2.2.25:
  version "2.2.28"
  resolved "https://registry.npm.taobao.org/scroll-into-view-if-needed/download/scroll-into-view-if-needed-2.2.28.tgz#5a15b2f58a52642c88c8eca584644e01703d645a"
  integrity sha1-WhWy9YpSZCyIyOylhGROAXA9ZFo=
  dependencies:
    compute-scroll-into-view "^1.0.17"

shallowequal@^1.1.0:
  version "1.1.0"
  resolved "https://registry.npm.taobao.org/shallowequal/download/shallowequal-1.1.0.tgz#188d521de95b9087404fd4dcb68b13df0ae4e7f8"
  integrity sha1-GI1SHelbkIdAT9TctosT3wrk5/g=

string-convert@^0.2.0:
  version "0.2.1"
  resolved "https://registry.npm.taobao.org/string-convert/download/string-convert-0.2.1.tgz#6982cc3049fbb4cd85f8b24568b9d9bf39eeff97"
  integrity sha1-aYLMMEn7tM2F+LJFaLnZvznu/5c=

toggle-selection@^1.0.6:
  version "1.0.6"
  resolved "https://registry.npm.taobao.org/toggle-selection/download/toggle-selection-1.0.6.tgz#6e45b1263f2017fa0acc7d89d78b15b8bf77da32"
  integrity sha1-bkWxJj8gF/oKzH2J14sVuL932jI=

warning@^4.0.1:
  version "4.0.3"
  resolved "https://registry.npm.taobao.org/warning/download/warning-4.0.3.tgz#16e9e077eb8a86d6af7d64aa1e05fd85b4678ca3"
  integrity sha1-Fungd+uKhtavfWSqHgX9hbRnjKM=
  dependencies:
    loose-envify "^1.0.0"
